
Microsoft Visual Studio Solution File, Format Version 12.00
# Visual Studio 15
VisualStudioVersion = 15.0.28307.1267
MinimumVisualStudioVersion = 10.0.40219.1
Project("{8BC9CEB8-8B4A-11D0-8D11-00A0C91BC942}") = "Learning_Git", "Learning_Git\Learning_Git.vcxproj", "{63F4E855-5C42-463E-A592-974CBB619552}"
EndProject
Global
	GlobalSection(SolutionConfigurationPlatforms) = preSolution
		Debug|x64 = Debug|x64
		Debug|x86 = Debug|x86
		Release|x64 = Release|x64
		Release|x86 = Release|x86
	EndGlobalSection
	GlobalSection(ProjectConfigurationPlatforms) = postSolution
		{63F4E855-5C42-463E-A592-974CBB619552}.Debug|x64.ActiveCfg = Debug|x64
		{63F4E855-5C42-463E-A592-974CBB619552}.Debug|x64.Build.0 = Debug|x64
		{63F4E855-5C42-463E-A592-974CBB619552}.Debug|x86.ActiveCfg = Debug|Win32
		{63F4E855-5C42-463E-A592-974CBB619552}.Debug|x86.Build.0 = Debug|Win32
		{63F4E855-5C42-463E-A592-974CBB619552}.Release|x64.ActiveCfg = Release|x64
		{63F4E855-5C42-463E-A592-974CBB619552}.Release|x64.Build.0 = Release|x64
		{63F4E855-5C42-463E-A592-974CBB619552}.Release|x86.ActiveCfg = Release|Win32
		{63F4E855-5C42-463E-A592-974CBB619552}.Release|x86.Build.0 = Release|Win32
	EndGlobalSection
	GlobalSection(SolutionProperties) = preSolution
		HideSolutionNode = FALSE
	EndGlobalSection
	GlobalSection(ExtensibilityGlobals) = postSolution
		SolutionGuid = {11AE68CF-11A9-453D-8EDC-A3EDC26BE4D9}
	EndGlobalSection
EndGlobal
